
Microsoft Visual Studio Solution File, Format Version 12.00
# Visual Studio Version 16
VisualStudioVersion = 16.0.29519.87
MinimumVisualStudioVersion = 10.0.40219.1
Project("{FAE04EC0-301F-11D3-BF4B-00C04F79EFBC}") = "XWeather.UWP", "XWeather\XWeather.UWP\XWeather.UWP.csproj", "{B2BD26DF-4223-4BBA-80EC-8513AC90D79D}"
EndProject
Project("{FAE04EC0-301F-11D3-BF4B-00C04F79EFBC}") = "XWeather.Android", "XWeather\XWeather.Android\XWeather.Android.csproj", "{2B7955D7-CE17-4743-8ED9-76E318F26E1B}"
EndProject
Project("{FAE04EC0-301F-11D3-BF4B-00C04F79EFBC}") = "XWeather", "XWeather\XWeather\XWeather.csproj", "{F3E6C396-95FE-47C1-97E9-57A7FE29303C}"
EndProject
Global
	GlobalSection(SolutionConfigurationPlatforms) = preSolution
		Debug|Any CPU = Debug|Any CPU
		Debug|ARM = Debug|ARM
		Debug|x64 = Debug|x64
		Debug|x86 = Debug|x86
		Release|Any CPU = Release|Any CPU
		Release|ARM = Release|ARM
		Release|x64 = Release|x64
		Release|x86 = Release|x86
	EndGlobalSection
	GlobalSection(ProjectConfigurationPlatforms) = postSolution
		{B2BD26DF-4223-4BBA-80EC-8513AC90D79D}.Debug|Any CPU.ActiveCfg = Debug|x86
		{B2BD26DF-4223-4BBA-80EC-8513AC90D79D}.Debug|Any CPU.Build.0 = Debug|x86
		{B2BD26DF-4223-4BBA-80EC-8513AC90D79D}.Debug|Any CPU.Deploy.0 = Debug|x86
		{B2BD26DF-4223-4BBA-80EC-8513AC90D79D}.Debug|ARM.ActiveCfg = Debug|ARM
		{B2BD26DF-4223-4BBA-80EC-8513AC90D79D}.Debug|ARM.Build.0 = Debug|ARM
		{B2BD26DF-4223-4BBA-80EC-8513AC90D79D}.Debug|ARM.Deploy.0 = Debug|ARM
		{B2BD26DF-4223-4BBA-80EC-8513AC90D79D}.Debug|x64.ActiveCfg = Debug|x64
		{B2BD26DF-4223-4BBA-80EC-8513AC90D79D}.Debug|x64.Build.0 = Debug|x64
		{B2BD26DF-4223-4BBA-80EC-8513AC90D79D}.Debug|x64.Deploy.0 = Debug|x64
		{B2BD26DF-4223-4BBA-80EC-8513AC90D79D}.Debug|x86.ActiveCfg = Debug|x86
		{B2BD26DF-4223-4BBA-80EC-8513AC90D79D}.Debug|x86.Build.0 = Debug|x86
		{B2BD26DF-4223-4BBA-80EC-8513AC90D79D}.Debug|x86.Deploy.0 = Debug|x86
		{B2BD26DF-4223-4BBA-80EC-8513AC90D79D}.Release|Any CPU.ActiveCfg = Release|x86
		{B2BD26DF-4223-4BBA-80EC-8513AC90D79D}.Release|Any CPU.Build.0 = Release|x86
		{B2BD26DF-4223-4BBA-80EC-8513AC90D79D}.Release|Any CPU.Deploy.0 = Release|x86
		{B2BD26DF-4223-4BBA-80EC-8513AC90D79D}.Release|ARM.ActiveCfg = Release|ARM
		{B2BD26DF-4223-4BBA-80EC-8513AC90D79D}.Release|ARM.Build.0 = Release|ARM
		{B2BD26DF-4223-4BBA-80EC-8513AC90D79D}.Release|ARM.Deploy.0 = Release|ARM
		{B2BD26DF-4223-4BBA-80EC-8513AC90D79D}.Release|x64.ActiveCfg = Release|x64
		{B2BD26DF-4223-4BBA-80EC-8513AC90D79D}.Release|x64.Build.0 = Release|x64
		{B2BD26DF-4223-4BBA-80EC-8513AC90D79D}.Release|x64.Deploy.0 = Release|x64
		{B2BD26DF-4223-4BBA-80EC-8513AC90D79D}.Release|x86.ActiveCfg = Release|x86
		{B2BD26DF-4223-4BBA-80EC-8513AC90D79D}.Release|x86.Build.0 = Release|x86
		{B2BD26DF-4223-4BBA-80EC-8513AC90D79D}.Release|x86.Deploy.0 = Release|x86
		{2B7955D7-CE17-4743-8ED9-76E318F26E1B}.Debug|Any CPU.ActiveCfg = Debug|Any CPU
		{2B7955D7-CE17-4743-8ED9-76E318F26E1B}.Debug|Any CPU.Build.0 = Debug|Any CPU
		{2B7955D7-CE17-4743-8ED9-76E318F26E1B}.Debug|Any CPU.Deploy.0 = Debug|Any CPU
		{2B7955D7-CE17-4743-8ED9-76E318F26E1B}.Debug|ARM.ActiveCfg = Debug|Any CPU
		{2B7955D7-CE17-4743-8ED9-76E318F26E1B}.Debug|ARM.Build.0 = Debug|Any CPU
		{2B7955D7-CE17-4743-8ED9-76E318F26E1B}.Debug|ARM.Deploy.0 = Debug|Any CPU
		{2B7955D7-CE17-4743-8ED9-76E318F26E1B}.Debug|x64.ActiveCfg = Debug|Any CPU
		{2B7955D7-CE17-4743-8ED9-76E318F26E1B}.Debug|x64.Build.0 = Debug|Any CPU
		{2B7955D7-CE17-4743-8ED9-76E318F26E1B}.Debug|x64.Deploy.0 = Debug|Any CPU
		{2B7955D7-CE17-4743-8ED9-76E318F26E1B}.Debug|x86.ActiveCfg = Debug|Any CPU
		{2B7955D7-CE17-4743-8ED9-76E318F26E1B}.Debug|x86.Build.0 = Debug|Any CPU
		{2B7955D7-CE17-4743-8ED9-76E318F26E1B}.Debug|x86.Deploy.0 = Debug|Any CPU
		{2B7955D7-CE17-4743-8ED9-76E318F26E1B}.Release|Any CPU.ActiveCfg = Release|Any CPU
		{2B7955D7-CE17-4743-8ED9-76E318F26E1B}.Release|Any CPU.Build.0 = Release|Any CPU
		{2B7955D7-CE17-4743-8ED9-76E318F26E1B}.Release|Any CPU.Deploy.0 = Release|Any CPU
		{2B7955D7-CE17-4743-8ED9-76E318F26E1B}.Release|ARM.ActiveCfg = Release|Any CPU
		{2B7955D7-CE17-4743-8ED9-76E318F26E1B}.Release|ARM.Build.0 = Release|Any CPU
		{2B7955D7-CE17-4743-8ED9-76E318F26E1B}.Release|ARM.Deploy.0 = Release|Any CPU
		{2B7955D7-CE17-4743-8ED9-76E318F26E1B}.Release|x64.ActiveCfg = Release|Any CPU
		{2B7955D7-CE17-4743-8ED9-76E318F26E1B}.Release|x64.Build.0 = Release|Any CPU
		{2B7955D7-CE17-4743-8ED9-76E318F26E1B}.Release|x64.Deploy.0 = Release|Any CPU
		{2B7955D7-CE17-4743-8ED9-76E318F26E1B}.Release|x86.ActiveCfg = Release|Any CPU
		{2B7955D7-CE17-4743-8ED9-76E318F26E1B}.Release|x86.Build.0 = Release|Any CPU
		{2B7955D7-CE17-4743-8ED9-76E318F26E1B}.Release|x86.Deploy.0 = Release|Any CPU
		{F3E6C396-95FE-47C1-97E9-57A7FE29303C}.Debug|Any CPU.ActiveCfg = Debug|Any CPU
		{F3E6C396-95FE-47C1-97E9-57A7FE29303C}.Debug|Any CPU.Build.0 = Debug|Any CPU
		{F3E6C396-95FE-47C1-97E9-57A7FE29303C}.Debug|Any CPU.Deploy.0 = Debug|Any CPU
		{F3E6C396-95FE-47C1-97E9-57A7FE29303C}.Debug|ARM.ActiveCfg = Debug|Any CPU
		{F3E6C396-95FE-47C1-97E9-57A7FE29303C}.Debug|ARM.Build.0 = Debug|Any CPU
		{F3E6C396-95FE-47C1-97E9-57A7FE29303C}.Debug|ARM.Deploy.0 = Debug|Any CPU
		{F3E6C396-95FE-47C1-97E9-57A7FE29303C}.Debug|x64.ActiveCfg = Debug|Any CPU
		{F3E6C396-95FE-47C1-97E9-57A7FE29303C}.Debug|x64.Build.0 = Debug|Any CPU
		{F3E6C396-95FE-47C1-97E9-57A7FE29303C}.Debug|x64.Deploy.0 = Debug|Any CPU
		{F3E6C396-95FE-47C1-97E9-57A7FE29303C}.Debug|x86.ActiveCfg = Debug|Any CPU
		{F3E6C396-95FE-47C1-97E9-57A7FE29303C}.Debug|x86.Build.0 = Debug|Any CPU
		{F3E6C396-95FE-47C1-97E9-57A7FE29303C}.Debug|x86.Deploy.0 = Debug|Any CPU
		{F3E6C396-95FE-47C1-97E9-57A7FE29303C}.Release|Any CPU.ActiveCfg = Release|Any CPU
		{F3E6C396-95FE-47C1-97E9-57A7FE29303C}.Release|Any CPU.Build.0 = Release|Any CPU
		{F3E6C396-95FE-47C1-97E9-57A7FE29303C}.Release|Any CPU.Deploy.0 = Release|Any CPU
		{F3E6C396-95FE-47C1-97E9-57A7FE29303C}.Release|ARM.ActiveCfg = Release|Any CPU
		{F3E6C396-95FE-47C1-97E9-57A7FE29303C}.Release|ARM.Build.0 = Release|Any CPU
		{F3E6C396-95FE-47C1-97E9-57A7FE29303C}.Release|ARM.Deploy.0 = Release|Any CPU
		{F3E6C396-95FE-47C1-97E9-57A7FE29303C}.Release|x64.ActiveCfg = Release|Any CPU
		{F3E6C396-95FE-47C1-97E9-57A7FE29303C}.Release|x64.Build.0 = Release|Any CPU
		{F3E6C396-95FE-47C1-97E9-57A7FE29303C}.Release|x64.Deploy.0 = Release|Any CPU
		{F3E6C396-95FE-47C1-97E9-57A7FE29303C}.Release|x86.ActiveCfg = Release|Any CPU
		{F3E6C396-95FE-47C1-97E9-57A7FE29303C}.Release|x86.Build.0 = Release|Any CPU
		{F3E6C396-95FE-47C1-97E9-57A7FE29303C}.Release|x86.Deploy.0 = Release|Any CPU
	EndGlobalSection
	GlobalSection(SolutionProperties) = preSolution
		HideSolutionNode = FALSE
	EndGlobalSection
	GlobalSection(ExtensibilityGlobals) = postSolution
		SolutionGuid = {7A991240-52EF-4443-A25C-DE043445BFB5}
	EndGlobalSection
EndGlobal
